
Microsoft Visual Studio Solution File, Format Version 12.00
Project("{FAE04EC0-301F-11D3-BF4B-00C04F79EFBC}") = "Day1", "Day1\Day1.csproj", "{C81973D7-37E6-4F99-8ABF-5A16BB83B9EB}"
EndProject
Global
	GlobalSection(SolutionConfigurationPlatforms) = preSolution
		Debug|Any CPU = Debug|Any CPU
		Release|Any CPU = Release|Any CPU
	EndGlobalSection
	GlobalSection(ProjectConfigurationPlatforms) = postSolution
		{C81973D7-37E6-4F99-8ABF-5A16BB83B9EB}.Debug|Any CPU.ActiveCfg = Debug|Any CPU
		{C81973D7-37E6-4F99-8ABF-5A16BB83B9EB}.Debug|Any CPU.Build.0 = Debug|Any CPU
		{C81973D7-37E6-4F99-8ABF-5A16BB83B9EB}.Release|Any CPU.ActiveCfg = Release|Any CPU
		{C81973D7-37E6-4F99-8ABF-5A16BB83B9EB}.Release|Any CPU.Build.0 = Release|Any CPU
	EndGlobalSection
EndGlobal
